
Microsoft Visual Studio Solution File, Format Version 12.00
# Visual Studio Version 16
VisualStudioVersion = 16.0.29403.142
MinimumVisualStudioVersion = 10.0.40219.1
Project("{FAE04EC0-301F-11D3-BF4B-00C04F79EFBC}") = "Billie", "Billie.csproj", "{DB0E2E33-831F-4E4D-985B-35B391F9B3B7}"
EndProject
Global
	GlobalSection(SolutionConfigurationPlatforms) = preSolution
		Debug|Any CPU = Debug|Any CPU
		Release|Any CPU = Release|Any CPU
	EndGlobalSection
	GlobalSection(ProjectConfigurationPlatforms) = postSolution
		{DB0E2E33-831F-4E4D-985B-35B391F9B3B7}.Debug|Any CPU.ActiveCfg = Debug|Any CPU
		{DB0E2E33-831F-4E4D-985B-35B391F9B3B7}.Debug|Any CPU.Build.0 = Debug|Any CPU
		{DB0E2E33-831F-4E4D-985B-35B391F9B3B7}.Release|Any CPU.ActiveCfg = Release|Any CPU
		{DB0E2E33-831F-4E4D-985B-35B391F9B3B7}.Release|Any CPU.Build.0 = Release|Any CPU
	EndGlobalSection
	GlobalSection(SolutionProperties) = preSolution
		HideSolutionNode = FALSE
	EndGlobalSection
	GlobalSection(ExtensibilityGlobals) = postSolution
		SolutionGuid = {DDA44290-957C-428C-BAFD-122C83582D6E}
	EndGlobalSection
EndGlobal
